
Microsoft Visual Studio Solution File, Format Version 12.00
# Visual Studio Version 17
VisualStudioVersion = 17.12.35707.178 d17.12
MinimumVisualStudioVersion = 10.0.40219.1
Project("{FAE04EC0-301F-11D3-BF4B-00C04F79EFBC}") = "StringLibrary", "StringLibrary\StringLibrary.csproj", "{942916D6-0268-4D57-BBC5-09D1DC33ACF1}"
EndProject
Project("{FAE04EC0-301F-11D3-BF4B-00C04F79EFBC}") = "ShowCase", "ShowCase\ShowCase.csproj", "{2059B86C-5A66-4BD8-91FE-3EC96911AC8C}"
EndProject
Global
	GlobalSection(SolutionConfigurationPlatforms) = preSolution
		Debug|Any CPU = Debug|Any CPU
		Release|Any CPU = Release|Any CPU
	EndGlobalSection
	GlobalSection(ProjectConfigurationPlatforms) = postSolution
		{942916D6-0268-4D57-BBC5-09D1DC33ACF1}.Debug|Any CPU.ActiveCfg = Debug|Any CPU
		{942916D6-0268-4D57-BBC5-09D1DC33ACF1}.Debug|Any CPU.Build.0 = Debug|Any CPU
		{942916D6-0268-4D57-BBC5-09D1DC33ACF1}.Release|Any CPU.ActiveCfg = Release|Any CPU
		{942916D6-0268-4D57-BBC5-09D1DC33ACF1}.Release|Any CPU.Build.0 = Release|Any CPU
		{2059B86C-5A66-4BD8-91FE-3EC96911AC8C}.Debug|Any CPU.ActiveCfg = Debug|Any CPU
		{2059B86C-5A66-4BD8-91FE-3EC96911AC8C}.Debug|Any CPU.Build.0 = Debug|Any CPU
		{2059B86C-5A66-4BD8-91FE-3EC96911AC8C}.Release|Any CPU.ActiveCfg = Release|Any CPU
		{2059B86C-5A66-4BD8-91FE-3EC96911AC8C}.Release|Any CPU.Build.0 = Release|Any CPU
	EndGlobalSection
	GlobalSection(SolutionProperties) = preSolution
		HideSolutionNode = FALSE
	EndGlobalSection
EndGlobal
